# THIS IS AN AUTOGENERATED FILE. DO NOT EDIT THIS FILE DIRECTLY.
# yarn lockfile v1


ramda@^0.25.0:
  version "0.25.0"
  resolved "https://registry.yarnpkg.com/ramda/-/ramda-0.25.0.tgz#8fdf68231cffa90bc2f9460390a0cb74a29b29a9"

sanctuary-def@0.14.0:
  version "0.14.0"
  resolved "https://registry.yarnpkg.com/sanctuary-def/-/sanctuary-def-0.14.0.tgz#cebbec591f5a9b211b34b4b942999d6534010fa8"
  dependencies:
    sanctuary-type-classes "7.1.x"
    sanctuary-type-identifiers "2.0.x"

sanctuary-type-classes@7.1.1, sanctuary-type-classes@7.1.x:
  version "7.1.1"
  resolved "https://registry.yarnpkg.com/sanctuary-type-classes/-/sanctuary-type-classes-7.1.1.tgz#084bbd3168d72e60a059f6f78f5b7e391e68ffbb"
  dependencies:
    sanctuary-type-identifiers "1.0.x"

sanctuary-type-identifiers@1.0.x:
  version "1.0.0"
  resolved "https://registry.yarnpkg.com/sanctuary-type-identifiers/-/sanctuary-type-identifiers-1.0.0.tgz#e8f359f006cb5e624cfb8464603fc114608bde9f"

sanctuary-type-identifiers@2.0.1, sanctuary-type-identifiers@2.0.x:
  version "2.0.1"
  resolved "https://registry.yarnpkg.com/sanctuary-type-identifiers/-/sanctuary-type-identifiers-2.0.1.tgz#fc524cf6dd92cebfcbb0dd9509eff193159a20ed"

sanctuary@^0.14.1:
  version "0.14.1"
  resolved "https://registry.yarnpkg.com/sanctuary/-/sanctuary-0.14.1.tgz#3bf7613ec79ad28e5997b2901992e5992d3a047b"
  dependencies:
    sanctuary-def "0.14.0"
    sanctuary-type-classes "7.1.1"
    sanctuary-type-identifiers "2.0.1"
